
Microsoft Visual Studio Solution File, Format Version 12.00
# Visual Studio Version 16
VisualStudioVersion = 16.0.30413.136
MinimumVisualStudioVersion = 10.0.40219.1
Project("{FAE04EC0-301F-11D3-BF4B-00C04F79EFBC}") = "A01_Volodymyr", "A01_Volodymyr\A01_Volodymyr.csproj", "{94289584-2764-420B-8779-54D0EFCBBEDF}"
EndProject
Global
	GlobalSection(SolutionConfigurationPlatforms) = preSolution
		Debug|Any CPU = Debug|Any CPU
		Release|Any CPU = Release|Any CPU
	EndGlobalSection
	GlobalSection(ProjectConfigurationPlatforms) = postSolution
		{94289584-2764-420B-8779-54D0EFCBBEDF}.Debug|Any CPU.ActiveCfg = Debug|Any CPU
		{94289584-2764-420B-8779-54D0EFCBBEDF}.Debug|Any CPU.Build.0 = Debug|Any CPU
		{94289584-2764-420B-8779-54D0EFCBBEDF}.Release|Any CPU.ActiveCfg = Release|Any CPU
		{94289584-2764-420B-8779-54D0EFCBBEDF}.Release|Any CPU.Build.0 = Release|Any CPU
	EndGlobalSection
	GlobalSection(SolutionProperties) = preSolution
		HideSolutionNode = FALSE
	EndGlobalSection
	GlobalSection(ExtensibilityGlobals) = postSolution
		SolutionGuid = {8EB8FC5D-3A69-4D89-91ED-28CDA295CE58}
	EndGlobalSection
EndGlobal
